
Microsoft Visual Studio Solution File, Format Version 12.00
Project("{F2A71F9B-5D33-465A-A702-920D77279786}") = "FsAmap.Domain", "FsAmap.Domain\FsAmap.Domain.fsproj", "{C2DBC8FF-D5BB-47DC-8DE6-FAECC516ACC4}"
EndProject
Global
	GlobalSection(SolutionConfigurationPlatforms) = preSolution
		Debug|Any CPU = Debug|Any CPU
		Release|Any CPU = Release|Any CPU
	EndGlobalSection
	GlobalSection(ProjectConfigurationPlatforms) = postSolution
		{C2DBC8FF-D5BB-47DC-8DE6-FAECC516ACC4}.Debug|Any CPU.ActiveCfg = Debug|Any CPU
		{C2DBC8FF-D5BB-47DC-8DE6-FAECC516ACC4}.Debug|Any CPU.Build.0 = Debug|Any CPU
		{C2DBC8FF-D5BB-47DC-8DE6-FAECC516ACC4}.Release|Any CPU.ActiveCfg = Release|Any CPU
		{C2DBC8FF-D5BB-47DC-8DE6-FAECC516ACC4}.Release|Any CPU.Build.0 = Release|Any CPU
	EndGlobalSection
EndGlobal
